// !$*UTF8*$!
{
	archiveVersion = 1;
	classes = {
	};
	objectVersion = 56;
	objects = {

/* Begin PBXBuildFile section */
		BC9DAE442BD113B600D81DB0 /* AppDelegate.swift in Sources */ = {isa = PBXBuildFile; fileRef = BC9DAE432BD113B600D81DB0 /* AppDelegate.swift */; };
		BC9DAE462BD113B600D81DB0 /* SceneDelegate.swift in Sources */ = {isa = PBXBuildFile; fileRef = BC9DAE452BD113B600D81DB0 /* SceneDelegate.swift */; };
		BC9DAE482BD113B600D81DB0 /* ViewController.swift in Sources */ = {isa = PBXBuildFile; fileRef = BC9DAE472BD113B600D81DB0 /* ViewController.swift */; };
		BC9DAE4B2BD113B600D81DB0 /* Base in Resources */ = {isa = PBXBuildFile; fileRef = BC9DAE4A2BD113B600D81DB0 /* Base */; };
		BC9DAE4D2BD113B800D81DB0 /* Assets.xcassets in Resources */ = {isa = PBXBuildFile; fileRef = BC9DAE4C2BD113B800D81DB0 /* Assets.xcassets */; };
		BC9DAE502BD113B800D81DB0 /* Base in Resources */ = {isa = PBXBuildFile; fileRef = BC9DAE4F2BD113B800D81DB0 /* Base */; };
		BC9DAE5C2BD11A0200D81DB0 /* EssentialFeed.framework in Frameworks */ = {isa = PBXBuildFile; fileRef = BC9DAE5A2BD11A0200D81DB0 /* EssentialFeed.framework */; };
		BC9DAE5D2BD11A0200D81DB0 /* EssentialFeed.framework in Embed Frameworks */ = {isa = PBXBuildFile; fileRef = BC9DAE5A2BD11A0200D81DB0 /* EssentialFeed.framework */; settings = {ATTRIBUTES = (CodeSignOnCopy, RemoveHeadersOnCopy, ); }; };
		BC9DAE5E2BD11A0200D81DB0 /* EssentialFeediOS.framework in Frameworks */ = {isa = PBXBuildFile; fileRef = BC9DAE5B2BD11A0200D81DB0 /* EssentialFeediOS.framework */; };
		BC9DAE5F2BD11A0200D81DB0 /* EssentialFeediOS.framework in Embed Frameworks */ = {isa = PBXBuildFile; fileRef = BC9DAE5B2BD11A0200D81DB0 /* EssentialFeediOS.framework */; settings = {ATTRIBUTES = (CodeSignOnCopy, RemoveHeadersOnCopy, ); }; };
		BCF403AD2BD13C1F001CBB32 /* RemoteWithLocalFeedbackFeedLoaderTests.swift in Sources */ = {isa = PBXBuildFile; fileRef = BCF403AC2BD13C1F001CBB32 /* RemoteWithLocalFeedbackFeedLoaderTests.swift */; };
		BCF403AF2BD14064001CBB32 /* FeedLoaderWithFallbackComposite.swift in Sources */ = {isa = PBXBuildFile; fileRef = BCF403AE2BD14064001CBB32 /* FeedLoaderWithFallbackComposite.swift */; };
/* End PBXBuildFile section */

/* Begin PBXContainerItemProxy section */
		BCF403A72BD13BE7001CBB32 /* PBXContainerItemProxy */ = {
			isa = PBXContainerItemProxy;
			containerPortal = BC9DAE382BD113B600D81DB0 /* Project object */;
			proxyType = 1;
			remoteGlobalIDString = BC9DAE3F2BD113B600D81DB0;
			remoteInfo = EssentialApp;
		};
/* End PBXContainerItemProxy section */

/* Begin PBXCopyFilesBuildPhase section */
		BC9DAE602BD11A0200D81DB0 /* Embed Frameworks */ = {
			isa = PBXCopyFilesBuildPhase;
			buildActionMask = 2147483647;
			dstPath = "";
			dstSubfolderSpec = 10;
			files = (
				BC9DAE5D2BD11A0200D81DB0 /* EssentialFeed.framework in Embed Frameworks */,
				BC9DAE5F2BD11A0200D81DB0 /* EssentialFeediOS.framework in Embed Frameworks */,
			);
			name = "Embed Frameworks";
			runOnlyForDeploymentPostprocessing = 0;
		};
/* End PBXCopyFilesBuildPhase section */

/* Begin PBXFileReference section */
		BC9DAE402BD113B600D81DB0 /* EssentialApp.app */ = {isa = PBXFileReference; explicitFileType = wrapper.application; includeInIndex = 0; path = EssentialApp.app; sourceTree = BUILT_PRODUCTS_DIR; };
		BC9DAE432BD113B600D81DB0 /* AppDelegate.swift */ = {isa = PBXFileReference; lastKnownFileType = sourcecode.swift; path = AppDelegate.swift; sourceTree = "<group>"; };
		BC9DAE452BD113B600D81DB0 /* SceneDelegate.swift */ = {isa = PBXFileReference; lastKnownFileType = sourcecode.swift; path = SceneDelegate.swift; sourceTree = "<group>"; };
		BC9DAE472BD113B600D81DB0 /* ViewController.swift */ = {isa = PBXFileReference; lastKnownFileType = sourcecode.swift; path = ViewController.swift; sourceTree = "<group>"; };
		BC9DAE4A2BD113B600D81DB0 /* Base */ = {isa = PBXFileReference; lastKnownFileType = file.storyboard; name = Base; path = Base.lproj/Main.storyboard; sourceTree = "<group>"; };
		BC9DAE4C2BD113B800D81DB0 /* Assets.xcassets */ = {isa = PBXFileReference; lastKnownFileType = folder.assetcatalog; path = Assets.xcassets; sourceTree = "<group>"; };
		BC9DAE4F2BD113B800D81DB0 /* Base */ = {isa = PBXFileReference; lastKnownFileType = file.storyboard; name = Base; path = Base.lproj/LaunchScreen.storyboard; sourceTree = "<group>"; };
		BC9DAE512BD113B800D81DB0 /* Info.plist */ = {isa = PBXFileReference; lastKnownFileType = text.plist.xml; path = Info.plist; sourceTree = "<group>"; };
		BC9DAE5A2BD11A0200D81DB0 /* EssentialFeed.framework */ = {isa = PBXFileReference; explicitFileType = wrapper.framework; path = EssentialFeed.framework; sourceTree = BUILT_PRODUCTS_DIR; };
		BC9DAE5B2BD11A0200D81DB0 /* EssentialFeediOS.framework */ = {isa = PBXFileReference; explicitFileType = wrapper.framework; path = EssentialFeediOS.framework; sourceTree = BUILT_PRODUCTS_DIR; };
		BCF403A32BD13BE7001CBB32 /* EssentialAppTests.xctest */ = {isa = PBXFileReference; explicitFileType = wrapper.cfbundle; includeInIndex = 0; path = EssentialAppTests.xctest; sourceTree = BUILT_PRODUCTS_DIR; };
		BCF403AC2BD13C1F001CBB32 /* RemoteWithLocalFeedbackFeedLoaderTests.swift */ = {isa = PBXFileReference; lastKnownFileType = sourcecode.swift; path = RemoteWithLocalFeedbackFeedLoaderTests.swift; sourceTree = "<group>"; };
		BCF403AE2BD14064001CBB32 /* FeedLoaderWithFallbackComposite.swift */ = {isa = PBXFileReference; lastKnownFileType = sourcecode.swift; path = FeedLoaderWithFallbackComposite.swift; sourceTree = "<group>"; };
/* End PBXFileReference section */

/* Begin PBXFrameworksBuildPhase section */
		BC9DAE3D2BD113B600D81DB0 /* Frameworks */ = {
			isa = PBXFrameworksBuildPhase;
			buildActionMask = 2147483647;
			files = (
				BC9DAE5C2BD11A0200D81DB0 /* EssentialFeed.framework in Frameworks */,
				BC9DAE5E2BD11A0200D81DB0 /* EssentialFeediOS.framework in Frameworks */,
			);
			runOnlyForDeploymentPostprocessing = 0;
		};
		BCF403A02BD13BE7001CBB32 /* Frameworks */ = {
			isa = PBXFrameworksBuildPhase;
			buildActionMask = 2147483647;
			files = (
			);
			runOnlyForDeploymentPostprocessing = 0;
		};
/* End PBXFrameworksBuildPhase section */

/* Begin PBXGroup section */
		BC9DAE372BD113B600D81DB0 = {
			isa = PBXGroup;
			children = (
				BC9DAE422BD113B600D81DB0 /* EssentialApp */,
				BCF403A42BD13BE7001CBB32 /* EssentialAppTests */,
				BC9DAE412BD113B600D81DB0 /* Products */,
				BC9DAE592BD11A0200D81DB0 /* Frameworks */,
			);
			sourceTree = "<group>";
		};
		BC9DAE412BD113B600D81DB0 /* Products */ = {
			isa = PBXGroup;
			children = (
				BC9DAE402BD113B600D81DB0 /* EssentialApp.app */,
				BCF403A32BD13BE7001CBB32 /* EssentialAppTests.xctest */,
			);
			name = Products;
			sourceTree = "<group>";
		};
		BC9DAE422BD113B600D81DB0 /* EssentialApp */ = {
			isa = PBXGroup;
			children = (
				BC9DAE432BD113B600D81DB0 /* AppDelegate.swift */,
				BC9DAE452BD113B600D81DB0 /* SceneDelegate.swift */,
				BC9DAE472BD113B600D81DB0 /* ViewController.swift */,
				BC9DAE492BD113B600D81DB0 /* Main.storyboard */,
				BC9DAE4C2BD113B800D81DB0 /* Assets.xcassets */,
				BC9DAE4E2BD113B800D81DB0 /* LaunchScreen.storyboard */,
				BC9DAE512BD113B800D81DB0 /* Info.plist */,
				BCF403AE2BD14064001CBB32 /* FeedLoaderWithFallbackComposite.swift */,
			);
			path = EssentialApp;
			sourceTree = "<group>";
		};
		BC9DAE592BD11A0200D81DB0 /* Frameworks */ = {
			isa = PBXGroup;
			children = (
				BC9DAE5A2BD11A0200D81DB0 /* EssentialFeed.framework */,
				BC9DAE5B2BD11A0200D81DB0 /* EssentialFeediOS.framework */,
			);
			name = Frameworks;
			sourceTree = "<group>";
		};
		BCF403A42BD13BE7001CBB32 /* EssentialAppTests */ = {
			isa = PBXGroup;
			children = (
				BCF403AC2BD13C1F001CBB32 /* RemoteWithLocalFeedbackFeedLoaderTests.swift */,
			);
			path = EssentialAppTests;
			sourceTree = "<group>";
		};
/* End PBXGroup section */

/* Begin PBXNativeTarget section */
		BC9DAE3F2BD113B600D81DB0 /* EssentialApp */ = {
			isa = PBXNativeTarget;
			buildConfigurationList = BC9DAE542BD113B800D81DB0 /* Build configuration list for PBXNativeTarget "EssentialApp" */;
			buildPhases = (
				BC9DAE3C2BD113B600D81DB0 /* Sources */,
				BC9DAE3D2BD113B600D81DB0 /* Frameworks */,
				BC9DAE3E2BD113B600D81DB0 /* Resources */,
				BC9DAE602BD11A0200D81DB0 /* Embed Frameworks */,
			);
			buildRules = (
			);
			dependencies = (
			);
			name = EssentialApp;
			productName = EssentialApp;
			productReference = BC9DAE402BD113B600D81DB0 /* EssentialApp.app */;
			productType = "com.apple.product-type.application";
		};
		BCF403A22BD13BE7001CBB32 /* EssentialAppTests */ = {
			isa = PBXNativeTarget;
			buildConfigurationList = BCF403AB2BD13BE7001CBB32 /* Build configuration list for PBXNativeTarget "EssentialAppTests" */;
			buildPhases = (
				BCF4039F2BD13BE7001CBB32 /* Sources */,
				BCF403A02BD13BE7001CBB32 /* Frameworks */,
				BCF403A12BD13BE7001CBB32 /* Resources */,
			);
			buildRules = (
			);
			dependencies = (
				BCF403A82BD13BE7001CBB32 /* PBXTargetDependency */,
			);
			name = EssentialAppTests;
			productName = EssentialAppTests;
			productReference = BCF403A32BD13BE7001CBB32 /* EssentialAppTests.xctest */;
			productType = "com.apple.product-type.bundle.unit-test";
		};
/* End PBXNativeTarget section */

/* Begin PBXProject section */
		BC9DAE382BD113B600D81DB0 /* Project object */ = {
			isa = PBXProject;
			attributes = {
				BuildIndependentTargetsInParallel = 1;
				LastSwiftUpdateCheck = 1530;
				LastUpgradeCheck = 1530;
				TargetAttributes = {
					BC9DAE3F2BD113B600D81DB0 = {
						CreatedOnToolsVersion = 15.3;
					};
					BCF403A22BD13BE7001CBB32 = {
						CreatedOnToolsVersion = 15.3;
						TestTargetID = BC9DAE3F2BD113B600D81DB0;
					};
				};
			};
			buildConfigurationList = BC9DAE3B2BD113B600D81DB0 /* Build configuration list for PBXProject "EssentialApp" */;
			compatibilityVersion = "Xcode 14.0";
			developmentRegion = en;
			hasScannedForEncodings = 0;
			knownRegions = (
				en,
				Base,
			);
			mainGroup = BC9DAE372BD113B600D81DB0;
			productRefGroup = BC9DAE412BD113B600D81DB0 /* Products */;
			projectDirPath = "";
			projectRoot = "";
			targets = (
				BC9DAE3F2BD113B600D81DB0 /* EssentialApp */,
				BCF403A22BD13BE7001CBB32 /* EssentialAppTests */,
			);
		};
/* End PBXProject section */

/* Begin PBXResourcesBuildPhase section */
		BC9DAE3E2BD113B600D81DB0 /* Resources */ = {
			isa = PBXResourcesBuildPhase;
			buildActionMask = 2147483647;
			files = (
				BC9DAE4D2BD113B800D81DB0 /* Assets.xcassets in Resources */,
				BC9DAE502BD113B800D81DB0 /* Base in Resources */,
				BC9DAE4B2BD113B600D81DB0 /* Base in Resources */,
			);
			runOnlyForDeploymentPostprocessing = 0;
		};
		BCF403A12BD13BE7001CBB32 /* Resources */ = {
			isa = PBXResourcesBuildPhase;
			buildActionMask = 2147483647;
			files = (
			);
			runOnlyForDeploymentPostprocessing = 0;
		};
/* End PBXResourcesBuildPhase section */

/* Begin PBXSourcesBuildPhase section */
		BC9DAE3C2BD113B600D81DB0 /* Sources */ = {
			isa = PBXSourcesBuildPhase;
			buildActionMask = 2147483647;
			files = (
				BC9DAE482BD113B600D81DB0 /* ViewController.swift in Sources */,
				BC9DAE442BD113B600D81DB0 /* AppDelegate.swift in Sources */,
				BCF403AF2BD14064001CBB32 /* FeedLoaderWithFallbackComposite.swift in Sources */,
				BC9DAE462BD113B600D81DB0 /* SceneDelegate.swift in Sources */,
			);
			runOnlyForDeploymentPostprocessing = 0;
		};
		BCF4039F2BD13BE7001CBB32 /* Sources */ = {
			isa = PBXSourcesBuildPhase;
			buildActionMask = 2147483647;
			files = (
				BCF403AD2BD13C1F001CBB32 /* RemoteWithLocalFeedbackFeedLoaderTests.swift in Sources */,
			);
			runOnlyForDeploymentPostprocessing = 0;
		};
/* End PBXSourcesBuildPhase section */

/* Begin PBXTargetDependency section */
		BCF403A82BD13BE7001CBB32 /* PBXTargetDependency */ = {
			isa = PBXTargetDependency;
			target = BC9DAE3F2BD113B600D81DB0 /* EssentialApp */;
			targetProxy = BCF403A72BD13BE7001CBB32 /* PBXContainerItemProxy */;
		};
/* End PBXTargetDependency section */

/* Begin PBXVariantGroup section */
		BC9DAE492BD113B600D81DB0 /* Main.storyboard */ = {
			isa = PBXVariantGroup;
			children = (
				BC9DAE4A2BD113B600D81DB0 /* Base */,
			);
			name = Main.storyboard;
			sourceTree = "<group>";
		};
		BC9DAE4E2BD113B800D81DB0 /* LaunchScreen.storyboard */ = {
			isa = PBXVariantGroup;
			children = (
				BC9DAE4F2BD113B800D81DB0 /* Base */,
			);
			name = LaunchScreen.storyboard;
			sourceTree = "<group>";
		};
/* End PBXVariantGroup section */

/* Begin XCBuildConfiguration section */
		BC9DAE522BD113B800D81DB0 /* Debug */ = {
			isa = XCBuildConfiguration;
			buildSettings = {
				ALWAYS_SEARCH_USER_PATHS = NO;
				ASSETCATALOG_COMPILER_GENERATE_SWIFT_ASSET_SYMBOL_EXTENSIONS = YES;
				CLANG_ANALYZER_NONNULL = YES;
				CLANG_ANALYZER_NUMBER_OBJECT_CONVERSION = YES_AGGRESSIVE;
				CLANG_CXX_LANGUAGE_STANDARD = "gnu++20";
				CLANG_ENABLE_MODULES = YES;
				CLANG_ENABLE_OBJC_ARC = YES;
				CLANG_ENABLE_OBJC_WEAK = YES;
				CLANG_WARN_BLOCK_CAPTURE_AUTORELEASING = YES;
				CLANG_WARN_BOOL_CONVERSION = YES;
				CLANG_WARN_COMMA = YES;
				CLANG_WARN_CONSTANT_CONVERSION = YES;
				CLANG_WARN_DEPRECATED_OBJC_IMPLEMENTATIONS = YES;
				CLANG_WARN_DIRECT_OBJC_ISA_USAGE = YES_ERROR;
				CLANG_WARN_DOCUMENTATION_COMMENTS = YES;
				CLANG_WARN_EMPTY_BODY = YES;
				CLANG_WARN_ENUM_CONVERSION = YES;
				CLANG_WARN_INFINITE_RECURSION = YES;
				CLANG_WARN_INT_CONVERSION = YES;
				CLANG_WARN_NON_LITERAL_NULL_CONVERSION = YES;
				CLANG_WARN_OBJC_IMPLICIT_RETAIN_SELF = YES;
				CLANG_WARN_OBJC_LITERAL_CONVERSION = YES;
				CLANG_WARN_OBJC_ROOT_CLASS = YES_ERROR;
				CLANG_WARN_QUOTED_INCLUDE_IN_FRAMEWORK_HEADER = YES;
				CLANG_WARN_RANGE_LOOP_ANALYSIS = YES;
				CLANG_WARN_STRICT_PROTOTYPES = YES;
				CLANG_WARN_SUSPICIOUS_MOVE = YES;
				CLANG_WARN_UNGUARDED_AVAILABILITY = YES_AGGRESSIVE;
				CLANG_WARN_UNREACHABLE_CODE = YES;
				CLANG_WARN__DUPLICATE_METHOD_MATCH = YES;
				COPY_PHASE_STRIP = NO;
				DEBUG_INFORMATION_FORMAT = dwarf;
				ENABLE_STRICT_OBJC_MSGSEND = YES;
				ENABLE_TESTABILITY = YES;
				ENABLE_USER_SCRIPT_SANDBOXING = YES;
				GCC_C_LANGUAGE_STANDARD = gnu17;
				GCC_DYNAMIC_NO_PIC = NO;
				GCC_NO_COMMON_BLOCKS = YES;
				GCC_OPTIMIZATION_LEVEL = 0;
				GCC_PREPROCESSOR_DEFINITIONS = (
					"DEBUG=1",
					"$(inherited)",
				);
				GCC_WARN_64_TO_32_BIT_CONVERSION = YES;
				GCC_WARN_ABOUT_RETURN_TYPE = YES_ERROR;
				GCC_WARN_UNDECLARED_SELECTOR = YES;
				GCC_WARN_UNINITIALIZED_AUTOS = YES_AGGRESSIVE;
				GCC_WARN_UNUSED_FUNCTION = YES;
				GCC_WARN_UNUSED_VARIABLE = YES;
				IPHONEOS_DEPLOYMENT_TARGET = 17.4;
				LOCALIZATION_PREFERS_STRING_CATALOGS = YES;
				MTL_ENABLE_DEBUG_INFO = INCLUDE_SOURCE;
				MTL_FAST_MATH = YES;
				ONLY_ACTIVE_ARCH = YES;
				SDKROOT = iphoneos;
				SWIFT_ACTIVE_COMPILATION_CONDITIONS = "DEBUG $(inherited)";
				SWIFT_OPTIMIZATION_LEVEL = "-Onone";
			};
			name = Debug;
		};
		BC9DAE532BD113B800D81DB0 /* Release */ = {
			isa = XCBuildConfiguration;
			buildSettings = {
				ALWAYS_SEARCH_USER_PATHS = NO;
				ASSETCATALOG_COMPILER_GENERATE_SWIFT_ASSET_SYMBOL_EXTENSIONS = YES;
				CLANG_ANALYZER_NONNULL = YES;
				CLANG_ANALYZER_NUMBER_OBJECT_CONVERSION = YES_AGGRESSIVE;
				CLANG_CXX_LANGUAGE_STANDARD = "gnu++20";
				CLANG_ENABLE_MODULES = YES;
				CLANG_ENABLE_OBJC_ARC = YES;
				CLANG_ENABLE_OBJC_WEAK = YES;
				CLANG_WARN_BLOCK_CAPTURE_AUTORELEASING = YES;
				CLANG_WARN_BOOL_CONVERSION = YES;
				CLANG_WARN_COMMA = YES;
				CLANG_WARN_CONSTANT_CONVERSION = YES;
				CLANG_WARN_DEPRECATED_OBJC_IMPLEMENTATIONS = YES;
				CLANG_WARN_DIRECT_OBJC_ISA_USAGE = YES_ERROR;
				CLANG_WARN_DOCUMENTATION_COMMENTS = YES;
				CLANG_WARN_EMPTY_BODY = YES;
				CLANG_WARN_ENUM_CONVERSION = YES;
				CLANG_WARN_INFINITE_RECURSION = YES;
				CLANG_WARN_INT_CONVERSION = YES;
				CLANG_WARN_NON_LITERAL_NULL_CONVERSION = YES;
				CLANG_WARN_OBJC_IMPLICIT_RETAIN_SELF = YES;
				CLANG_WARN_OBJC_LITERAL_CONVERSION = YES;
				CLANG_WARN_OBJC_ROOT_CLASS = YES_ERROR;
				CLANG_WARN_QUOTED_INCLUDE_IN_FRAMEWORK_HEADER = YES;
				CLANG_WARN_RANGE_LOOP_ANALYSIS = YES;
				CLANG_WARN_STRICT_PROTOTYPES = YES;
				CLANG_WARN_SUSPICIOUS_MOVE = YES;
				CLANG_WARN_UNGUARDED_AVAILABILITY = YES_AGGRESSIVE;
				CLANG_WARN_UNREACHABLE_CODE = YES;
				CLANG_WARN__DUPLICATE_METHOD_MATCH = YES;
				COPY_PHASE_STRIP = NO;
				DEBUG_INFORMATION_FORMAT = "dwarf-with-dsym";
				ENABLE_NS_ASSERTIONS = NO;
				ENABLE_STRICT_OBJC_MSGSEND = YES;
				ENABLE_USER_SCRIPT_SANDBOXING = YES;
				GCC_C_LANGUAGE_STANDARD = gnu17;
				GCC_NO_COMMON_BLOCKS = YES;
				GCC_WARN_64_TO_32_BIT_CONVERSION = YES;
				GCC_WARN_ABOUT_RETURN_TYPE = YES_ERROR;
				GCC_WARN_UNDECLARED_SELECTOR = YES;
				GCC_WARN_UNINITIALIZED_AUTOS = YES_AGGRESSIVE;
				GCC_WARN_UNUSED_FUNCTION = YES;
				GCC_WARN_UNUSED_VARIABLE = YES;
				IPHONEOS_DEPLOYMENT_TARGET = 17.4;
				LOCALIZATION_PREFERS_STRING_CATALOGS = YES;
				MTL_ENABLE_DEBUG_INFO = NO;
				MTL_FAST_MATH = YES;
				SDKROOT = iphoneos;
				SWIFT_COMPILATION_MODE = wholemodule;
				VALIDATE_PRODUCT = YES;
			};
			name = Release;
		};
		BC9DAE552BD113B800D81DB0 /* Debug */ = {
			isa = XCBuildConfiguration;
			buildSettings = {
				ASSETCATALOG_COMPILER_APPICON_NAME = AppIcon;
				ASSETCATALOG_COMPILER_GLOBAL_ACCENT_COLOR_NAME = AccentColor;
				CODE_SIGN_STYLE = Automatic;
				CURRENT_PROJECT_VERSION = 1;
				DEVELOPMENT_TEAM = KT6YTKK67V;
				GENERATE_INFOPLIST_FILE = YES;
				INFOPLIST_FILE = EssentialApp/Info.plist;
				INFOPLIST_KEY_UIApplicationSupportsIndirectInputEvents = YES;
				INFOPLIST_KEY_UILaunchStoryboardName = LaunchScreen;
				INFOPLIST_KEY_UIMainStoryboardFile = Main;
				INFOPLIST_KEY_UISupportedInterfaceOrientations = UIInterfaceOrientationPortrait;
				LD_RUNPATH_SEARCH_PATHS = (
					"$(inherited)",
					"@executable_path/Frameworks",
				);
				MARKETING_VERSION = 1.0;
				PRODUCT_BUNDLE_IDENTIFIER = com.flauta.romeo.EssentialApp;
				PRODUCT_NAME = "$(TARGET_NAME)";
				SWIFT_EMIT_LOC_STRINGS = YES;
				SWIFT_VERSION = 5.0;
				TARGETED_DEVICE_FAMILY = "1,2";
			};
			name = Debug;
		};
		BC9DAE562BD113B800D81DB0 /* Release */ = {
			isa = XCBuildConfiguration;
			buildSettings = {
				ASSETCATALOG_COMPILER_APPICON_NAME = AppIcon;
				ASSETCATALOG_COMPILER_GLOBAL_ACCENT_COLOR_NAME = AccentColor;
				CODE_SIGN_STYLE = Automatic;
				CURRENT_PROJECT_VERSION = 1;
				DEVELOPMENT_TEAM = KT6YTKK67V;
				GENERATE_INFOPLIST_FILE = YES;
				INFOPLIST_FILE = EssentialApp/Info.plist;
				INFOPLIST_KEY_UIApplicationSupportsIndirectInputEvents = YES;
				INFOPLIST_KEY_UILaunchStoryboardName = LaunchScreen;
				INFOPLIST_KEY_UIMainStoryboardFile = Main;
				INFOPLIST_KEY_UISupportedInterfaceOrientations = UIInterfaceOrientationPortrait;
				LD_RUNPATH_SEARCH_PATHS = (
					"$(inherited)",
					"@executable_path/Frameworks",
				);
				MARKETING_VERSION = 1.0;
				PRODUCT_BUNDLE_IDENTIFIER = com.flauta.romeo.EssentialApp;
				PRODUCT_NAME = "$(TARGET_NAME)";
				SWIFT_EMIT_LOC_STRINGS = YES;
				SWIFT_VERSION = 5.0;
				TARGETED_DEVICE_FAMILY = "1,2";
			};
			name = Release;
		};
		BCF403A92BD13BE7001CBB32 /* Debug */ = {
			isa = XCBuildConfiguration;
			buildSettings = {
				BUNDLE_LOADER = "$(TEST_HOST)";
				CODE_SIGN_STYLE = Automatic;
				CURRENT_PROJECT_VERSION = 1;
				DEVELOPMENT_TEAM = KT6YTKK67V;
				GENERATE_INFOPLIST_FILE = YES;
				MARKETING_VERSION = 1.0;
				PRODUCT_BUNDLE_IDENTIFIER = com.flauta.romeo.EssentialAppTests;
				PRODUCT_NAME = "$(TARGET_NAME)";
				SWIFT_EMIT_LOC_STRINGS = NO;
				SWIFT_VERSION = 5.0;
				TARGETED_DEVICE_FAMILY = "1,2";
				TEST_HOST = "$(BUILT_PRODUCTS_DIR)/EssentialApp.app/$(BUNDLE_EXECUTABLE_FOLDER_PATH)/EssentialApp";
			};
			name = Debug;
		};
		BCF403AA2BD13BE7001CBB32 /* Release */ = {
			isa = XCBuildConfiguration;
			buildSettings = {
				BUNDLE_LOADER = "$(TEST_HOST)";
				CODE_SIGN_STYLE = Automatic;
				CURRENT_PROJECT_VERSION = 1;
				DEVELOPMENT_TEAM = KT6YTKK67V;
				GENERATE_INFOPLIST_FILE = YES;
				MARKETING_VERSION = 1.0;
				PRODUCT_BUNDLE_IDENTIFIER = com.flauta.romeo.EssentialAppTests;
				PRODUCT_NAME = "$(TARGET_NAME)";
				SWIFT_EMIT_LOC_STRINGS = NO;
				SWIFT_VERSION = 5.0;
				TARGETED_DEVICE_FAMILY = "1,2";
				TEST_HOST = "$(BUILT_PRODUCTS_DIR)/EssentialApp.app/$(BUNDLE_EXECUTABLE_FOLDER_PATH)/EssentialApp";
			};
			name = Release;
		};
/* End XCBuildConfiguration section */

/* Begin XCConfigurationList section */
		BC9DAE3B2BD113B600D81DB0 /* Build configuration list for PBXProject "EssentialApp" */ = {
			isa = XCConfigurationList;
			buildConfigurations = (
				BC9DAE522BD113B800D81DB0 /* Debug */,
				BC9DAE532BD113B800D81DB0 /* Release */,
			);
			defaultConfigurationIsVisible = 0;
			defaultConfigurationName = Release;
		};
		BC9DAE542BD113B800D81DB0 /* Build configuration list for PBXNativeTarget "EssentialApp" */ = {
			isa = XCConfigurationList;
			buildConfigurations = (
				BC9DAE552BD113B800D81DB0 /* Debug */,
				BC9DAE562BD113B800D81DB0 /* Release */,
			);
			defaultConfigurationIsVisible = 0;
			defaultConfigurationName = Release;
		};
		BCF403AB2BD13BE7001CBB32 /* Build configuration list for PBXNativeTarget "EssentialAppTests" */ = {
			isa = XCConfigurationList;
			buildConfigurations = (
				BCF403A92BD13BE7001CBB32 /* Debug */,
				BCF403AA2BD13BE7001CBB32 /* Release */,
			);
			defaultConfigurationIsVisible = 0;
			defaultConfigurationName = Release;
		};
/* End XCConfigurationList section */
	};
	rootObject = BC9DAE382BD113B600D81DB0 /* Project object */;
}
